// !$*UTF8*$!
{
	archiveVersion = 1;
	classes = {
	};
	objectVersion = 50;
	objects = {

/* Begin PBXBuildFile section */
		9FABA835253C06BF0003E530 /* MCCPlacementApp.swift in Sources */ = {isa = PBXBuildFile; fileRef = 9FABA834253C06BF0003E530 /* MCCPlacementApp.swift */; };
		9FABA837253C06BF0003E530 /* ContentView.swift in Sources */ = {isa = PBXBuildFile; fileRef = 9FABA836253C06BF0003E530 /* ContentView.swift */; };
		9FABA839253C06C10003E530 /* Assets.xcassets in Resources */ = {isa = PBXBuildFile; fileRef = 9FABA838253C06C10003E530 /* Assets.xcassets */; };
		9FABA83C253C06C10003E530 /* Preview Assets.xcassets in Resources */ = {isa = PBXBuildFile; fileRef = 9FABA83B253C06C10003E530 /* Preview Assets.xcassets */; };
		9FABA847253C06C20003E530 /* MCCPlacementTests.swift in Sources */ = {isa = PBXBuildFile; fileRef = 9FABA846253C06C20003E530 /* MCCPlacementTests.swift */; };
		9FABA852253C06C20003E530 /* MCCPlacementUITests.swift in Sources */ = {isa = PBXBuildFile; fileRef = 9FABA851253C06C20003E530 /* MCCPlacementUITests.swift */; };
/* End PBXBuildFile section */

/* Begin PBXContainerItemProxy section */
		9FABA843253C06C20003E530 /* PBXContainerItemProxy */ = {
			isa = PBXContainerItemProxy;
			containerPortal = 9FABA829253C06BF0003E530 /* Project object */;
			proxyType = 1;
			remoteGlobalIDString = 9FABA830253C06BF0003E530;
			remoteInfo = MCCPlacement;
		};
		9FABA84E253C06C20003E530 /* PBXContainerItemProxy */ = {
			isa = PBXContainerItemProxy;
			containerPortal = 9FABA829253C06BF0003E530 /* Project object */;
			proxyType = 1;
			remoteGlobalIDString = 9FABA830253C06BF0003E530;
			remoteInfo = MCCPlacement;
		};
/* End PBXContainerItemProxy section */

/* Begin PBXFileReference section */
		9FABA831253C06BF0003E530 /* MCCPlacement.app */ = {isa = PBXFileReference; explicitFileType = wrapper.application; includeInIndex = 0; path = MCCPlacement.app; sourceTree = BUILT_PRODUCTS_DIR; };
		9FABA834253C06BF0003E530 /* MCCPlacementApp.swift */ = {isa = PBXFileReference; lastKnownFileType = sourcecode.swift; path = MCCPlacementApp.swift; sourceTree = "<group>"; };
		9FABA836253C06BF0003E530 /* ContentView.swift */ = {isa = PBXFileReference; lastKnownFileType = sourcecode.swift; path = ContentView.swift; sourceTree = "<group>"; };
		9FABA838253C06C10003E530 /* Assets.xcassets */ = {isa = PBXFileReference; lastKnownFileType = folder.assetcatalog; path = Assets.xcassets; sourceTree = "<group>"; };
		9FABA83B253C06C10003E530 /* Preview Assets.xcassets */ = {isa = PBXFileReference; lastKnownFileType = folder.assetcatalog; path = "Preview Assets.xcassets"; sourceTree = "<group>"; };
		9FABA83D253C06C10003E530 /* Info.plist */ = {isa = PBXFileReference; lastKnownFileType = text.plist.xml; path = Info.plist; sourceTree = "<group>"; };
		9FABA842253C06C20003E530 /* MCCPlacementTests.xctest */ = {isa = PBXFileReference; explicitFileType = wrapper.cfbundle; includeInIndex = 0; path = MCCPlacementTests.xctest; sourceTree = BUILT_PRODUCTS_DIR; };
		9FABA846253C06C20003E530 /* MCCPlacementTests.swift */ = {isa = PBXFileReference; lastKnownFileType = sourcecode.swift; path = MCCPlacementTests.swift; sourceTree = "<group>"; };
		9FABA848253C06C20003E530 /* Info.plist */ = {isa = PBXFileReference; lastKnownFileType = text.plist.xml; path = Info.plist; sourceTree = "<group>"; };
		9FABA84D253C06C20003E530 /* MCCPlacementUITests.xctest */ = {isa = PBXFileReference; explicitFileType = wrapper.cfbundle; includeInIndex = 0; path = MCCPlacementUITests.xctest; sourceTree = BUILT_PRODUCTS_DIR; };
		9FABA851253C06C20003E530 /* MCCPlacementUITests.swift */ = {isa = PBXFileReference; lastKnownFileType = sourcecode.swift; path = MCCPlacementUITests.swift; sourceTree = "<group>"; };
		9FABA853253C06C20003E530 /* Info.plist */ = {isa = PBXFileReference; lastKnownFileType = text.plist.xml; path = Info.plist; sourceTree = "<group>"; };
/* End PBXFileReference section */

/* Begin PBXFrameworksBuildPhase section */
		9FABA82E253C06BF0003E530 /* Frameworks */ = {
			isa = PBXFrameworksBuildPhase;
			buildActionMask = 2147483647;
			files = (
			);
			runOnlyForDeploymentPostprocessing = 0;
		};
		9FABA83F253C06C20003E530 /* Frameworks */ = {
			isa = PBXFrameworksBuildPhase;
			buildActionMask = 2147483647;
			files = (
			);
			runOnlyForDeploymentPostprocessing = 0;
		};
		9FABA84A253C06C20003E530 /* Frameworks */ = {
			isa = PBXFrameworksBuildPhase;
			buildActionMask = 2147483647;
			files = (
			);
			runOnlyForDeploymentPostprocessing = 0;
		};
/* End PBXFrameworksBuildPhase section */

/* Begin PBXGroup section */
		9FABA828253C06BF0003E530 = {
			isa = PBXGroup;
			children = (
				9FABA833253C06BF0003E530 /* MCCPlacement */,
				9FABA845253C06C20003E530 /* MCCPlacementTests */,
				9FABA850253C06C20003E530 /* MCCPlacementUITests */,
				9FABA832253C06BF0003E530 /* Products */,
			);
			sourceTree = "<group>";
		};
		9FABA832253C06BF0003E530 /* Products */ = {
			isa = PBXGroup;
			children = (
				9FABA831253C06BF0003E530 /* MCCPlacement.app */,
				9FABA842253C06C20003E530 /* MCCPlacementTests.xctest */,
				9FABA84D253C06C20003E530 /* MCCPlacementUITests.xctest */,
			);
			name = Products;
			sourceTree = "<group>";
		};
		9FABA833253C06BF0003E530 /* MCCPlacement */ = {
			isa = PBXGroup;
			children = (
				9FABA834253C06BF0003E530 /* MCCPlacementApp.swift */,
				9FABA836253C06BF0003E530 /* ContentView.swift */,
				9FABA838253C06C10003E530 /* Assets.xcassets */,
				9FABA83D253C06C10003E530 /* Info.plist */,
				9FABA83A253C06C10003E530 /* Preview Content */,
			);
			path = MCCPlacement;
			sourceTree = "<group>";
		};
		9FABA83A253C06C10003E530 /* Preview Content */ = {
			isa = PBXGroup;
			children = (
				9FABA83B253C06C10003E530 /* Preview Assets.xcassets */,
			);
			path = "Preview Content";
			sourceTree = "<group>";
		};
		9FABA845253C06C20003E530 /* MCCPlacementTests */ = {
			isa = PBXGroup;
			children = (
				9FABA846253C06C20003E530 /* MCCPlacementTests.swift */,
				9FABA848253C06C20003E530 /* Info.plist */,
			);
			path = MCCPlacementTests;
			sourceTree = "<group>";
		};
		9FABA850253C06C20003E530 /* MCCPlacementUITests */ = {
			isa = PBXGroup;
			children = (
				9FABA851253C06C20003E530 /* MCCPlacementUITests.swift */,
				9FABA853253C06C20003E530 /* Info.plist */,
			);
			path = MCCPlacementUITests;
			sourceTree = "<group>";
		};
/* End PBXGroup section */

/* Begin PBXNativeTarget section */
		9FABA830253C06BF0003E530 /* MCCPlacement */ = {
			isa = PBXNativeTarget;
			buildConfigurationList = 9FABA856253C06C20003E530 /* Build configuration list for PBXNativeTarget "MCCPlacement" */;
			buildPhases = (
				9FABA82D253C06BF0003E530 /* Sources */,
				9FABA82E253C06BF0003E530 /* Frameworks */,
				9FABA82F253C06BF0003E530 /* Resources */,
			);
			buildRules = (
			);
			dependencies = (
			);
			name = MCCPlacement;
			productName = MCCPlacement;
			productReference = 9FABA831253C06BF0003E530 /* MCCPlacement.app */;
			productType = "com.apple.product-type.application";
		};
		9FABA841253C06C20003E530 /* MCCPlacementTests */ = {
			isa = PBXNativeTarget;
			buildConfigurationList = 9FABA859253C06C20003E530 /* Build configuration list for PBXNativeTarget "MCCPlacementTests" */;
			buildPhases = (
				9FABA83E253C06C20003E530 /* Sources */,
				9FABA83F253C06C20003E530 /* Frameworks */,
				9FABA840253C06C20003E530 /* Resources */,
			);
			buildRules = (
			);
			dependencies = (
				9FABA844253C06C20003E530 /* PBXTargetDependency */,
			);
			name = MCCPlacementTests;
			productName = MCCPlacementTests;
			productReference = 9FABA842253C06C20003E530 /* MCCPlacementTests.xctest */;
			productType = "com.apple.product-type.bundle.unit-test";
		};
		9FABA84C253C06C20003E530 /* MCCPlacementUITests */ = {
			isa = PBXNativeTarget;
			buildConfigurationList = 9FABA85C253C06C20003E530 /* Build configuration list for PBXNativeTarget "MCCPlacementUITests" */;
			buildPhases = (
				9FABA849253C06C20003E530 /* Sources */,
				9FABA84A253C06C20003E530 /* Frameworks */,
				9FABA84B253C06C20003E530 /* Resources */,
			);
			buildRules = (
			);
			dependencies = (
				9FABA84F253C06C20003E530 /* PBXTargetDependency */,
			);
			name = MCCPlacementUITests;
			productName = MCCPlacementUITests;
			productReference = 9FABA84D253C06C20003E530 /* MCCPlacementUITests.xctest */;
			productType = "com.apple.product-type.bundle.ui-testing";
		};
/* End PBXNativeTarget section */

/* Begin PBXProject section */
		9FABA829253C06BF0003E530 /* Project object */ = {
			isa = PBXProject;
			attributes = {
				LastSwiftUpdateCheck = 1200;
				LastUpgradeCheck = 1200;
				TargetAttributes = {
					9FABA830253C06BF0003E530 = {
						CreatedOnToolsVersion = 12.0.1;
					};
					9FABA841253C06C20003E530 = {
						CreatedOnToolsVersion = 12.0.1;
						TestTargetID = 9FABA830253C06BF0003E530;
					};
					9FABA84C253C06C20003E530 = {
						CreatedOnToolsVersion = 12.0.1;
						TestTargetID = 9FABA830253C06BF0003E530;
					};
				};
			};
			buildConfigurationList = 9FABA82C253C06BF0003E530 /* Build configuration list for PBXProject "MCCPlacement" */;
			compatibilityVersion = "Xcode 9.3";
			developmentRegion = en;
			hasScannedForEncodings = 0;
			knownRegions = (
				en,
				Base,
			);
			mainGroup = 9FABA828253C06BF0003E530;
			productRefGroup = 9FABA832253C06BF0003E530 /* Products */;
			projectDirPath = "";
			projectRoot = "";
			targets = (
				9FABA830253C06BF0003E530 /* MCCPlacement */,
				9FABA841253C06C20003E530 /* MCCPlacementTests */,
				9FABA84C253C06C20003E530 /* MCCPlacementUITests */,
			);
		};
/* End PBXProject section */

/* Begin PBXResourcesBuildPhase section */
		9FABA82F253C06BF0003E530 /* Resources */ = {
			isa = PBXResourcesBuildPhase;
			buildActionMask = 2147483647;
			files = (
				9FABA83C253C06C10003E530 /* Preview Assets.xcassets in Resources */,
				9FABA839253C06C10003E530 /* Assets.xcassets in Resources */,
			);
			runOnlyForDeploymentPostprocessing = 0;
		};
		9FABA840253C06C20003E530 /* Resources */ = {
			isa = PBXResourcesBuildPhase;
			buildActionMask = 2147483647;
			files = (
			);
			runOnlyForDeploymentPostprocessing = 0;
		};
		9FABA84B253C06C20003E530 /* Resources */ = {
			isa = PBXResourcesBuildPhase;
			buildActionMask = 2147483647;
			files = (
			);
			runOnlyForDeploymentPostprocessing = 0;
		};
/* End PBXResourcesBuildPhase section */

/* Begin PBXSourcesBuildPhase section */
		9FABA82D253C06BF0003E530 /* Sources */ = {
			isa = PBXSourcesBuildPhase;
			buildActionMask = 2147483647;
			files = (
				9FABA837253C06BF0003E530 /* ContentView.swift in Sources */,
				9FABA835253C06BF0003E530 /* MCCPlacementApp.swift in Sources */,
			);
			runOnlyForDeploymentPostprocessing = 0;
		};
		9FABA83E253C06C20003E530 /* Sources */ = {
			isa = PBXSourcesBuildPhase;
			buildActionMask = 2147483647;
			files = (
				9FABA847253C06C20003E530 /* MCCPlacementTests.swift in Sources */,
			);
			runOnlyForDeploymentPostprocessing = 0;
		};
		9FABA849253C06C20003E530 /* Sources */ = {
			isa = PBXSourcesBuildPhase;
			buildActionMask = 2147483647;
			files = (
				9FABA852253C06C20003E530 /* MCCPlacementUITests.swift in Sources */,
			);
			runOnlyForDeploymentPostprocessing = 0;
		};
/* End PBXSourcesBuildPhase section */

/* Begin PBXTargetDependency section */
		9FABA844253C06C20003E530 /* PBXTargetDependency */ = {
			isa = PBXTargetDependency;
			target = 9FABA830253C06BF0003E530 /* MCCPlacement */;
			targetProxy = 9FABA843253C06C20003E530 /* PBXContainerItemProxy */;
		};
		9FABA84F253C06C20003E530 /* PBXTargetDependency */ = {
			isa = PBXTargetDependency;
			target = 9FABA830253C06BF0003E530 /* MCCPlacement */;
			targetProxy = 9FABA84E253C06C20003E530 /* PBXContainerItemProxy */;
		};
/* End PBXTargetDependency section */

/* Begin XCBuildConfiguration section */
		9FABA854253C06C20003E530 /* Debug */ = {
			isa = XCBuildConfiguration;
			buildSettings = {
				ALWAYS_SEARCH_USER_PATHS = NO;
				CLANG_ANALYZER_NONNULL = YES;
				CLANG_ANALYZER_NUMBER_OBJECT_CONVERSION = YES_AGGRESSIVE;
				CLANG_CXX_LANGUAGE_STANDARD = "gnu++14";
				CLANG_CXX_LIBRARY = "libc++";
				CLANG_ENABLE_MODULES = YES;
				CLANG_ENABLE_OBJC_ARC = YES;
				CLANG_ENABLE_OBJC_WEAK = YES;
				CLANG_WARN_BLOCK_CAPTURE_AUTORELEASING = YES;
				CLANG_WARN_BOOL_CONVERSION = YES;
				CLANG_WARN_COMMA = YES;
				CLANG_WARN_CONSTANT_CONVERSION = YES;
				CLANG_WARN_DEPRECATED_OBJC_IMPLEMENTATIONS = YES;
				CLANG_WARN_DIRECT_OBJC_ISA_USAGE = YES_ERROR;
				CLANG_WARN_DOCUMENTATION_COMMENTS = YES;
				CLANG_WARN_EMPTY_BODY = YES;
				CLANG_WARN_ENUM_CONVERSION = YES;
				CLANG_WARN_INFINITE_RECURSION = YES;
				CLANG_WARN_INT_CONVERSION = YES;
				CLANG_WARN_NON_LITERAL_NULL_CONVERSION = YES;
				CLANG_WARN_OBJC_IMPLICIT_RETAIN_SELF = YES;
				CLANG_WARN_OBJC_LITERAL_CONVERSION = YES;
				CLANG_WARN_OBJC_ROOT_CLASS = YES_ERROR;
				CLANG_WARN_QUOTED_INCLUDE_IN_FRAMEWORK_HEADER = YES;
				CLANG_WARN_RANGE_LOOP_ANALYSIS = YES;
				CLANG_WARN_STRICT_PROTOTYPES = YES;
				CLANG_WARN_SUSPICIOUS_MOVE = YES;
				CLANG_WARN_UNGUARDED_AVAILABILITY = YES_AGGRESSIVE;
				CLANG_WARN_UNREACHABLE_CODE = YES;
				CLANG_WARN__DUPLICATE_METHOD_MATCH = YES;
				COPY_PHASE_STRIP = NO;
				DEBUG_INFORMATION_FORMAT = dwarf;
				ENABLE_STRICT_OBJC_MSGSEND = YES;
				ENABLE_TESTABILITY = YES;
				GCC_C_LANGUAGE_STANDARD = gnu11;
				GCC_DYNAMIC_NO_PIC = NO;
				GCC_NO_COMMON_BLOCKS = YES;
				GCC_OPTIMIZATION_LEVEL = 0;
				GCC_PREPROCESSOR_DEFINITIONS = (
					"DEBUG=1",
					"$(inherited)",
				);
				GCC_WARN_64_TO_32_BIT_CONVERSION = YES;
				GCC_WARN_ABOUT_RETURN_TYPE = YES_ERROR;
				GCC_WARN_UNDECLARED_SELECTOR = YES;
				GCC_WARN_UNINITIALIZED_AUTOS = YES_AGGRESSIVE;
				GCC_WARN_UNUSED_FUNCTION = YES;
				GCC_WARN_UNUSED_VARIABLE = YES;
				IPHONEOS_DEPLOYMENT_TARGET = 14.0;
				MTL_ENABLE_DEBUG_INFO = INCLUDE_SOURCE;
				MTL_FAST_MATH = YES;
				ONLY_ACTIVE_ARCH = YES;
				SDKROOT = iphoneos;
				SWIFT_ACTIVE_COMPILATION_CONDITIONS = DEBUG;
				SWIFT_OPTIMIZATION_LEVEL = "-Onone";
			};
			name = Debug;
		};
		9FABA855253C06C20003E530 /* Release */ = {
			isa = XCBuildConfiguration;
			buildSettings = {
				ALWAYS_SEARCH_USER_PATHS = NO;
				CLANG_ANALYZER_NONNULL = YES;
				CLANG_ANALYZER_NUMBER_OBJECT_CONVERSION = YES_AGGRESSIVE;
				CLANG_CXX_LANGUAGE_STANDARD = "gnu++14";
				CLANG_CXX_LIBRARY = "libc++";
				CLANG_ENABLE_MODULES = YES;
				CLANG_ENABLE_OBJC_ARC = YES;
				CLANG_ENABLE_OBJC_WEAK = YES;
				CLANG_WARN_BLOCK_CAPTURE_AUTORELEASING = YES;
				CLANG_WARN_BOOL_CONVERSION = YES;
				CLANG_WARN_COMMA = YES;
				CLANG_WARN_CONSTANT_CONVERSION = YES;
				CLANG_WARN_DEPRECATED_OBJC_IMPLEMENTATIONS = YES;
				CLANG_WARN_DIRECT_OBJC_ISA_USAGE = YES_ERROR;
				CLANG_WARN_DOCUMENTATION_COMMENTS = YES;
				CLANG_WARN_EMPTY_BODY = YES;
				CLANG_WARN_ENUM_CONVERSION = YES;
				CLANG_WARN_INFINITE_RECURSION = YES;
				CLANG_WARN_INT_CONVERSION = YES;
				CLANG_WARN_NON_LITERAL_NULL_CONVERSION = YES;
				CLANG_WARN_OBJC_IMPLICIT_RETAIN_SELF = YES;
				CLANG_WARN_OBJC_LITERAL_CONVERSION = YES;
				CLANG_WARN_OBJC_ROOT_CLASS = YES_ERROR;
				CLANG_WARN_QUOTED_INCLUDE_IN_FRAMEWORK_HEADER = YES;
				CLANG_WARN_RANGE_LOOP_ANALYSIS = YES;
				CLANG_WARN_STRICT_PROTOTYPES = YES;
				CLANG_WARN_SUSPICIOUS_MOVE = YES;
				CLANG_WARN_UNGUARDED_AVAILABILITY = YES_AGGRESSIVE;
				CLANG_WARN_UNREACHABLE_CODE = YES;
				CLANG_WARN__DUPLICATE_METHOD_MATCH = YES;
				COPY_PHASE_STRIP = NO;
				DEBUG_INFORMATION_FORMAT = "dwarf-with-dsym";
				ENABLE_NS_ASSERTIONS = NO;
				ENABLE_STRICT_OBJC_MSGSEND = YES;
				GCC_C_LANGUAGE_STANDARD = gnu11;
				GCC_NO_COMMON_BLOCKS = YES;
				GCC_WARN_64_TO_32_BIT_CONVERSION = YES;
				GCC_WARN_ABOUT_RETURN_TYPE = YES_ERROR;
				GCC_WARN_UNDECLARED_SELECTOR = YES;
				GCC_WARN_UNINITIALIZED_AUTOS = YES_AGGRESSIVE;
				GCC_WARN_UNUSED_FUNCTION = YES;
				GCC_WARN_UNUSED_VARIABLE = YES;
				IPHONEOS_DEPLOYMENT_TARGET = 14.0;
				MTL_ENABLE_DEBUG_INFO = NO;
				MTL_FAST_MATH = YES;
				SDKROOT = iphoneos;
				SWIFT_COMPILATION_MODE = wholemodule;
				SWIFT_OPTIMIZATION_LEVEL = "-O";
				VALIDATE_PRODUCT = YES;
			};
			name = Release;
		};
		9FABA857253C06C20003E530 /* Debug */ = {
			isa = XCBuildConfiguration;
			buildSettings = {
				ASSETCATALOG_COMPILER_APPICON_NAME = AppIcon;
				ASSETCATALOG_COMPILER_GLOBAL_ACCENT_COLOR_NAME = AccentColor;
				CODE_SIGN_STYLE = Automatic;
				DEVELOPMENT_ASSET_PATHS = "\"MCCPlacement/Preview Content\"";
				DEVELOPMENT_TEAM = YN43D87323;
				ENABLE_PREVIEWS = YES;
				INFOPLIST_FILE = MCCPlacement/Info.plist;
				IPHONEOS_DEPLOYMENT_TARGET = 14.0;
				LD_RUNPATH_SEARCH_PATHS = (
					"$(inherited)",
					"@executable_path/Frameworks",
				);
				PRODUCT_BUNDLE_IDENTIFIER = me.chew.kenneth.MCCPlacement;
				PRODUCT_NAME = "$(TARGET_NAME)";
				SWIFT_VERSION = 5.0;
				TARGETED_DEVICE_FAMILY = "1,2";
			};
			name = Debug;
		};
		9FABA858253C06C20003E530 /* Release */ = {
			isa = XCBuildConfiguration;
			buildSettings = {
				ASSETCATALOG_COMPILER_APPICON_NAME = AppIcon;
				ASSETCATALOG_COMPILER_GLOBAL_ACCENT_COLOR_NAME = AccentColor;
				CODE_SIGN_STYLE = Automatic;
				DEVELOPMENT_ASSET_PATHS = "\"MCCPlacement/Preview Content\"";
				DEVELOPMENT_TEAM = YN43D87323;
				ENABLE_PREVIEWS = YES;
				INFOPLIST_FILE = MCCPlacement/Info.plist;
				IPHONEOS_DEPLOYMENT_TARGET = 14.0;
				LD_RUNPATH_SEARCH_PATHS = (
					"$(inherited)",
					"@executable_path/Frameworks",
				);
				PRODUCT_BUNDLE_IDENTIFIER = me.chew.kenneth.MCCPlacement;
				PRODUCT_NAME = "$(TARGET_NAME)";
				SWIFT_VERSION = 5.0;
				TARGETED_DEVICE_FAMILY = "1,2";
			};
			name = Release;
		};
		9FABA85A253C06C20003E530 /* Debug */ = {
			isa = XCBuildConfiguration;
			buildSettings = {
				ALWAYS_EMBED_SWIFT_STANDARD_LIBRARIES = YES;
				BUNDLE_LOADER = "$(TEST_HOST)";
				CODE_SIGN_STYLE = Automatic;
				DEVELOPMENT_TEAM = YN43D87323;
				INFOPLIST_FILE = MCCPlacementTests/Info.plist;
				IPHONEOS_DEPLOYMENT_TARGET = 14.0;
				LD_RUNPATH_SEARCH_PATHS = (
					"$(inherited)",
					"@executable_path/Frameworks",
					"@loader_path/Frameworks",
				);
				PRODUCT_BUNDLE_IDENTIFIER = me.chew.kenneth.MCCPlacementTests;
				PRODUCT_NAME = "$(TARGET_NAME)";
				SWIFT_VERSION = 5.0;
				TARGETED_DEVICE_FAMILY = "1,2";
				TEST_HOST = "$(BUILT_PRODUCTS_DIR)/MCCPlacement.app/MCCPlacement";
			};
			name = Debug;
		};
		9FABA85B253C06C20003E530 /* Release */ = {
			isa = XCBuildConfiguration;
			buildSettings = {
				ALWAYS_EMBED_SWIFT_STANDARD_LIBRARIES = YES;
				BUNDLE_LOADER = "$(TEST_HOST)";
				CODE_SIGN_STYLE = Automatic;
				DEVELOPMENT_TEAM = YN43D87323;
				INFOPLIST_FILE = MCCPlacementTests/Info.plist;
				IPHONEOS_DEPLOYMENT_TARGET = 14.0;
				LD_RUNPATH_SEARCH_PATHS = (
					"$(inherited)",
					"@executable_path/Frameworks",
					"@loader_path/Frameworks",
				);
				PRODUCT_BUNDLE_IDENTIFIER = me.chew.kenneth.MCCPlacementTests;
				PRODUCT_NAME = "$(TARGET_NAME)";
				SWIFT_VERSION = 5.0;
				TARGETED_DEVICE_FAMILY = "1,2";
				TEST_HOST = "$(BUILT_PRODUCTS_DIR)/MCCPlacement.app/MCCPlacement";
			};
			name = Release;
		};
		9FABA85D253C06C20003E530 /* Debug */ = {
			isa = XCBuildConfiguration;
			buildSettings = {
				ALWAYS_EMBED_SWIFT_STANDARD_LIBRARIES = YES;
				CODE_SIGN_STYLE = Automatic;
				DEVELOPMENT_TEAM = YN43D87323;
				INFOPLIST_FILE = MCCPlacementUITests/Info.plist;
				LD_RUNPATH_SEARCH_PATHS = (
					"$(inherited)",
					"@executable_path/Frameworks",
					"@loader_path/Frameworks",
				);
				PRODUCT_BUNDLE_IDENTIFIER = me.chew.kenneth.MCCPlacementUITests;
				PRODUCT_NAME = "$(TARGET_NAME)";
				SWIFT_VERSION = 5.0;
				TARGETED_DEVICE_FAMILY = "1,2";
				TEST_TARGET_NAME = MCCPlacement;
			};
			name = Debug;
		};
		9FABA85E253C06C20003E530 /* Release */ = {
			isa = XCBuildConfiguration;
			buildSettings = {
				ALWAYS_EMBED_SWIFT_STANDARD_LIBRARIES = YES;
				CODE_SIGN_STYLE = Automatic;
				DEVELOPMENT_TEAM = YN43D87323;
				INFOPLIST_FILE = MCCPlacementUITests/Info.plist;
				LD_RUNPATH_SEARCH_PATHS = (
					"$(inherited)",
					"@executable_path/Frameworks",
					"@loader_path/Frameworks",
				);
				PRODUCT_BUNDLE_IDENTIFIER = me.chew.kenneth.MCCPlacementUITests;
				PRODUCT_NAME = "$(TARGET_NAME)";
				SWIFT_VERSION = 5.0;
				TARGETED_DEVICE_FAMILY = "1,2";
				TEST_TARGET_NAME = MCCPlacement;
			};
			name = Release;
		};
/* End XCBuildConfiguration section */

/* Begin XCConfigurationList section */
		9FABA82C253C06BF0003E530 /* Build configuration list for PBXProject "MCCPlacement" */ = {
			isa = XCConfigurationList;
			buildConfigurations = (
				9FABA854253C06C20003E530 /* Debug */,
				9FABA855253C06C20003E530 /* Release */,
			);
			defaultConfigurationIsVisible = 0;
			defaultConfigurationName = Release;
		};
		9FABA856253C06C20003E530 /* Build configuration list for PBXNativeTarget "MCCPlacement" */ = {
			isa = XCConfigurationList;
			buildConfigurations = (
				9FABA857253C06C20003E530 /* Debug */,
				9FABA858253C06C20003E530 /* Release */,
			);
			defaultConfigurationIsVisible = 0;
			defaultConfigurationName = Release;
		};
		9FABA859253C06C20003E530 /* Build configuration list for PBXNativeTarget "MCCPlacementTests" */ = {
			isa = XCConfigurationList;
			buildConfigurations = (
				9FABA85A253C06C20003E530 /* Debug */,
				9FABA85B253C06C20003E530 /* Release */,
			);
			defaultConfigurationIsVisible = 0;
			defaultConfigurationName = Release;
		};
		9FABA85C253C06C20003E530 /* Build configuration list for PBXNativeTarget "MCCPlacementUITests" */ = {
			isa = XCConfigurationList;
			buildConfigurations = (
				9FABA85D253C06C20003E530 /* Debug */,
				9FABA85E253C06C20003E530 /* Release */,
			);
			defaultConfigurationIsVisible = 0;
			defaultConfigurationName = Release;
		};
/* End XCConfigurationList section */
	};
	rootObject = 9FABA829253C06BF0003E530 /* Project object */;
}
